
Microsoft Visual Studio Solution File, Format Version 12.00
# Visual Studio Version 17
VisualStudioVersion = 17.11.35327.3
MinimumVisualStudioVersion = 10.0.40219.1
Project("{FAE04EC0-301F-11D3-BF4B-00C04F79EFBC}") = "Requisitos", "Requisitos\Requisitos.csproj", "{FC3A1EAE-4C32-4C92-A1F2-8C59867F935E}"
EndProject
Global
	GlobalSection(SolutionConfigurationPlatforms) = preSolution
		Debug|Any CPU = Debug|Any CPU
		Release|Any CPU = Release|Any CPU
	EndGlobalSection
	GlobalSection(ProjectConfigurationPlatforms) = postSolution
		{FC3A1EAE-4C32-4C92-A1F2-8C59867F935E}.Debug|Any CPU.ActiveCfg = Debug|Any CPU
		{FC3A1EAE-4C32-4C92-A1F2-8C59867F935E}.Debug|Any CPU.Build.0 = Debug|Any CPU
		{FC3A1EAE-4C32-4C92-A1F2-8C59867F935E}.Release|Any CPU.ActiveCfg = Release|Any CPU
		{FC3A1EAE-4C32-4C92-A1F2-8C59867F935E}.Release|Any CPU.Build.0 = Release|Any CPU
	EndGlobalSection
	GlobalSection(SolutionProperties) = preSolution
		HideSolutionNode = FALSE
	EndGlobalSection
	GlobalSection(ExtensibilityGlobals) = postSolution
		SolutionGuid = {6510C4EA-2B64-4D9C-9961-A1BDA236DAA2}
	EndGlobalSection
EndGlobal
